
Microsoft Visual Studio Solution File, Format Version 12.00
# Visual Studio Version 17
VisualStudioVersion = 17.13.35913.81
MinimumVisualStudioVersion = 10.0.40219.1
Project("{FAE04EC0-301F-11D3-BF4B-00C04F79EFBC}") = "WoWLauncher", "WoWLauncher.csproj", "{6E888A4A-7B98-43E0-B1E1-6E8DC06764C6}"
EndProject
Global
	GlobalSection(SolutionConfigurationPlatforms) = preSolution
		Debug|Any CPU = Debug|Any CPU
		Release|Any CPU = Release|Any CPU
	EndGlobalSection
	GlobalSection(ProjectConfigurationPlatforms) = postSolution
		{6E888A4A-7B98-43E0-B1E1-6E8DC06764C6}.Debug|Any CPU.ActiveCfg = Debug|Any CPU
		{6E888A4A-7B98-43E0-B1E1-6E8DC06764C6}.Debug|Any CPU.Build.0 = Debug|Any CPU
		{6E888A4A-7B98-43E0-B1E1-6E8DC06764C6}.Release|Any CPU.ActiveCfg = Release|Any CPU
		{6E888A4A-7B98-43E0-B1E1-6E8DC06764C6}.Release|Any CPU.Build.0 = Release|Any CPU
	EndGlobalSection
	GlobalSection(SolutionProperties) = preSolution
		HideSolutionNode = FALSE
	EndGlobalSection
	GlobalSection(ExtensibilityGlobals) = postSolution
		SolutionGuid = {E6D5C7B6-7D95-4716-B190-48CD4197CEC8}
	EndGlobalSection
EndGlobal
